
Microsoft Visual Studio Solution File, Format Version 12.00
# Visual Studio 2012
Project("{FAE04EC0-301F-11D3-BF4B-00C04F79EFBC}") = "PiratasCostaRica", "PiratasCostaRica\PiratasCostaRica.csproj", "{8C95D50B-7A49-4AD1-A1C7-42206C1EA626}"
EndProject
Global
	GlobalSection(SolutionConfigurationPlatforms) = preSolution
		Debug|Any CPU = Debug|Any CPU
		Release|Any CPU = Release|Any CPU
	EndGlobalSection
	GlobalSection(ProjectConfigurationPlatforms) = postSolution
		{8C95D50B-7A49-4AD1-A1C7-42206C1EA626}.Debug|Any CPU.ActiveCfg = Debug|Any CPU
		{8C95D50B-7A49-4AD1-A1C7-42206C1EA626}.Debug|Any CPU.Build.0 = Debug|Any CPU
		{8C95D50B-7A49-4AD1-A1C7-42206C1EA626}.Release|Any CPU.ActiveCfg = Release|Any CPU
		{8C95D50B-7A49-4AD1-A1C7-42206C1EA626}.Release|Any CPU.Build.0 = Release|Any CPU
	EndGlobalSection
	GlobalSection(SolutionProperties) = preSolution
		HideSolutionNode = FALSE
	EndGlobalSection
EndGlobal
